
Microsoft Visual Studio Solution File, Format Version 12.00
# Visual Studio 15
VisualStudioVersion = 15.0.27130.2036
MinimumVisualStudioVersion = 10.0.40219.1
Project("{FAE04EC0-301F-11D3-BF4B-00C04F79EFBC}") = "tic-tac-toe", "tic-tac-toe\tic-tac-toe.csproj", "{3EEDA9B4-244E-43BE-9D6F-06D14094A44F}"
EndProject
Global
	GlobalSection(SolutionConfigurationPlatforms) = preSolution
		Debug|Any CPU = Debug|Any CPU
		Release|Any CPU = Release|Any CPU
	EndGlobalSection
	GlobalSection(ProjectConfigurationPlatforms) = postSolution
		{3EEDA9B4-244E-43BE-9D6F-06D14094A44F}.Debug|Any CPU.ActiveCfg = Debug|Any CPU
		{3EEDA9B4-244E-43BE-9D6F-06D14094A44F}.Debug|Any CPU.Build.0 = Debug|Any CPU
		{3EEDA9B4-244E-43BE-9D6F-06D14094A44F}.Release|Any CPU.ActiveCfg = Release|Any CPU
		{3EEDA9B4-244E-43BE-9D6F-06D14094A44F}.Release|Any CPU.Build.0 = Release|Any CPU
	EndGlobalSection
	GlobalSection(SolutionProperties) = preSolution
		HideSolutionNode = FALSE
	EndGlobalSection
	GlobalSection(ExtensibilityGlobals) = postSolution
		SolutionGuid = {0644154F-F570-45AE-9A0C-A21431C2598E}
	EndGlobalSection
EndGlobal
